
Microsoft Visual Studio Solution File, Format Version 12.00
# Visual Studio 15
VisualStudioVersion = 15.0.28010.2046
MinimumVisualStudioVersion = 10.0.40219.1
Project("{FAE04EC0-301F-11D3-BF4B-00C04F79EFBC}") = "Dati_2", "Dati_2\Dati_2.csproj", "{9B16526A-0444-4E95-AFF7-94F445DE811B}"
EndProject
Global
	GlobalSection(SolutionConfigurationPlatforms) = preSolution
		Debug|Any CPU = Debug|Any CPU
		Release|Any CPU = Release|Any CPU
	EndGlobalSection
	GlobalSection(ProjectConfigurationPlatforms) = postSolution
		{9B16526A-0444-4E95-AFF7-94F445DE811B}.Debug|Any CPU.ActiveCfg = Debug|Any CPU
		{9B16526A-0444-4E95-AFF7-94F445DE811B}.Debug|Any CPU.Build.0 = Debug|Any CPU
		{9B16526A-0444-4E95-AFF7-94F445DE811B}.Release|Any CPU.ActiveCfg = Release|Any CPU
		{9B16526A-0444-4E95-AFF7-94F445DE811B}.Release|Any CPU.Build.0 = Release|Any CPU
	EndGlobalSection
	GlobalSection(SolutionProperties) = preSolution
		HideSolutionNode = FALSE
	EndGlobalSection
	GlobalSection(ExtensibilityGlobals) = postSolution
		SolutionGuid = {097FDF48-8B30-4FEC-9F1A-BA19C21457ED}
	EndGlobalSection
EndGlobal
